
Microsoft Visual Studio Solution File, Format Version 12.00
# Visual Studio 15
VisualStudioVersion = 15.0.27004.2009
MinimumVisualStudioVersion = 10.0.40219.1
Project("{FAE04EC0-301F-11D3-BF4B-00C04F79EFBC}") = "Electron", "Electron\Electron.csproj", "{624F1EC7-AF57-499B-A3C3-A41B72B241E4}"
EndProject
Global
	GlobalSection(SolutionConfigurationPlatforms) = preSolution
		Debug|Any CPU = Debug|Any CPU
		Release|Any CPU = Release|Any CPU
	EndGlobalSection
	GlobalSection(ProjectConfigurationPlatforms) = postSolution
		{624F1EC7-AF57-499B-A3C3-A41B72B241E4}.Debug|Any CPU.ActiveCfg = Debug|Any CPU
		{624F1EC7-AF57-499B-A3C3-A41B72B241E4}.Debug|Any CPU.Build.0 = Debug|Any CPU
		{624F1EC7-AF57-499B-A3C3-A41B72B241E4}.Release|Any CPU.ActiveCfg = Release|Any CPU
		{624F1EC7-AF57-499B-A3C3-A41B72B241E4}.Release|Any CPU.Build.0 = Release|Any CPU
	EndGlobalSection
	GlobalSection(SolutionProperties) = preSolution
		HideSolutionNode = FALSE
	EndGlobalSection
	GlobalSection(ExtensibilityGlobals) = postSolution
		SolutionGuid = {8E39C39B-CFC5-4A57-A2C7-4BD2801BF1A8}
	EndGlobalSection
EndGlobal
